// !$*UTF8*$!
{
	archiveVersion = 1;
	classes = {
	};
	objectVersion = 50;
	objects = {

/* Begin PBXBuildFile section */
		C047306A266E319E00BC496A /* AppDelegate.swift in Sources */ = {isa = PBXBuildFile; fileRef = C0473069266E319E00BC496A /* AppDelegate.swift */; };
		C047306C266E319E00BC496A /* SceneDelegate.swift in Sources */ = {isa = PBXBuildFile; fileRef = C047306B266E319E00BC496A /* SceneDelegate.swift */; };
		C047306E266E319E00BC496A /* ViewController.swift in Sources */ = {isa = PBXBuildFile; fileRef = C047306D266E319E00BC496A /* ViewController.swift */; };
		C0473071266E319E00BC496A /* Main.storyboard in Resources */ = {isa = PBXBuildFile; fileRef = C047306F266E319E00BC496A /* Main.storyboard */; };
		C0473073266E31A100BC496A /* Assets.xcassets in Resources */ = {isa = PBXBuildFile; fileRef = C0473072266E31A100BC496A /* Assets.xcassets */; };
		C0473076266E31A100BC496A /* LaunchScreen.storyboard in Resources */ = {isa = PBXBuildFile; fileRef = C0473074266E31A100BC496A /* LaunchScreen.storyboard */; };
		C047307E266E3B3C00BC496A /* customTabBar.swift in Sources */ = {isa = PBXBuildFile; fileRef = C047307D266E3B3C00BC496A /* customTabBar.swift */; };
		C0473080266E3BD100BC496A /* CustomTabBarViewController.swift in Sources */ = {isa = PBXBuildFile; fileRef = C047307F266E3BD100BC496A /* CustomTabBarViewController.swift */; };
		C0473082266E50B200BC496A /* OrderDetails.swift in Sources */ = {isa = PBXBuildFile; fileRef = C0473081266E50B200BC496A /* OrderDetails.swift */; };
		C0473084266E50E200BC496A /* LocationView.swift in Sources */ = {isa = PBXBuildFile; fileRef = C0473083266E50E200BC496A /* LocationView.swift */; };
		C0473086266E510900BC496A /* TimelineView.swift in Sources */ = {isa = PBXBuildFile; fileRef = C0473085266E510900BC496A /* TimelineView.swift */; };
		C0473088267001C800BC496A /* timelineCollectionViewCell.swift in Sources */ = {isa = PBXBuildFile; fileRef = C0473087267001C800BC496A /* timelineCollectionViewCell.swift */; };
		C047308A2670DFE000BC496A /* CustomNavViewController.swift in Sources */ = {isa = PBXBuildFile; fileRef = C04730892670DFE000BC496A /* CustomNavViewController.swift */; };
		C047308C2670EE3700BC496A /* NewViewController.swift in Sources */ = {isa = PBXBuildFile; fileRef = C047308B2670EE3600BC496A /* NewViewController.swift */; };
		C047308E2671352300BC496A /* OrderCollectionViewCell.swift in Sources */ = {isa = PBXBuildFile; fileRef = C047308D2671352300BC496A /* OrderCollectionViewCell.swift */; };
/* End PBXBuildFile section */

/* Begin PBXFileReference section */
		C0473066266E319E00BC496A /* Ferofly.app */ = {isa = PBXFileReference; explicitFileType = wrapper.application; includeInIndex = 0; path = Ferofly.app; sourceTree = BUILT_PRODUCTS_DIR; };
		C0473069266E319E00BC496A /* AppDelegate.swift */ = {isa = PBXFileReference; lastKnownFileType = sourcecode.swift; path = AppDelegate.swift; sourceTree = "<group>"; };
		C047306B266E319E00BC496A /* SceneDelegate.swift */ = {isa = PBXFileReference; lastKnownFileType = sourcecode.swift; path = SceneDelegate.swift; sourceTree = "<group>"; };
		C047306D266E319E00BC496A /* ViewController.swift */ = {isa = PBXFileReference; lastKnownFileType = sourcecode.swift; path = ViewController.swift; sourceTree = "<group>"; };
		C0473070266E319E00BC496A /* Base */ = {isa = PBXFileReference; lastKnownFileType = file.storyboard; name = Base; path = Base.lproj/Main.storyboard; sourceTree = "<group>"; };
		C0473072266E31A100BC496A /* Assets.xcassets */ = {isa = PBXFileReference; lastKnownFileType = folder.assetcatalog; path = Assets.xcassets; sourceTree = "<group>"; };
		C0473075266E31A100BC496A /* Base */ = {isa = PBXFileReference; lastKnownFileType = file.storyboard; name = Base; path = Base.lproj/LaunchScreen.storyboard; sourceTree = "<group>"; };
		C0473077266E31A100BC496A /* Info.plist */ = {isa = PBXFileReference; lastKnownFileType = text.plist.xml; path = Info.plist; sourceTree = "<group>"; };
		C047307D266E3B3C00BC496A /* customTabBar.swift */ = {isa = PBXFileReference; lastKnownFileType = sourcecode.swift; path = customTabBar.swift; sourceTree = "<group>"; };
		C047307F266E3BD100BC496A /* CustomTabBarViewController.swift */ = {isa = PBXFileReference; lastKnownFileType = sourcecode.swift; path = CustomTabBarViewController.swift; sourceTree = "<group>"; };
		C0473081266E50B200BC496A /* OrderDetails.swift */ = {isa = PBXFileReference; lastKnownFileType = sourcecode.swift; path = OrderDetails.swift; sourceTree = "<group>"; };
		C0473083266E50E200BC496A /* LocationView.swift */ = {isa = PBXFileReference; lastKnownFileType = sourcecode.swift; path = LocationView.swift; sourceTree = "<group>"; };
		C0473085266E510900BC496A /* TimelineView.swift */ = {isa = PBXFileReference; lastKnownFileType = sourcecode.swift; path = TimelineView.swift; sourceTree = "<group>"; };
		C0473087267001C800BC496A /* timelineCollectionViewCell.swift */ = {isa = PBXFileReference; lastKnownFileType = sourcecode.swift; path = timelineCollectionViewCell.swift; sourceTree = "<group>"; };
		C04730892670DFE000BC496A /* CustomNavViewController.swift */ = {isa = PBXFileReference; lastKnownFileType = sourcecode.swift; path = CustomNavViewController.swift; sourceTree = "<group>"; };
		C047308B2670EE3600BC496A /* NewViewController.swift */ = {isa = PBXFileReference; lastKnownFileType = sourcecode.swift; path = NewViewController.swift; sourceTree = "<group>"; };
		C047308D2671352300BC496A /* OrderCollectionViewCell.swift */ = {isa = PBXFileReference; lastKnownFileType = sourcecode.swift; path = OrderCollectionViewCell.swift; sourceTree = "<group>"; };
/* End PBXFileReference section */

/* Begin PBXFrameworksBuildPhase section */
		C0473063266E319E00BC496A /* Frameworks */ = {
			isa = PBXFrameworksBuildPhase;
			buildActionMask = 2147483647;
			files = (
			);
			runOnlyForDeploymentPostprocessing = 0;
		};
/* End PBXFrameworksBuildPhase section */

/* Begin PBXGroup section */
		C047305D266E319E00BC496A = {
			isa = PBXGroup;
			children = (
				C0473068266E319E00BC496A /* Ferofly */,
				C0473067266E319E00BC496A /* Products */,
			);
			sourceTree = "<group>";
		};
		C0473067266E319E00BC496A /* Products */ = {
			isa = PBXGroup;
			children = (
				C0473066266E319E00BC496A /* Ferofly.app */,
			);
			name = Products;
			sourceTree = "<group>";
		};
		C0473068266E319E00BC496A /* Ferofly */ = {
			isa = PBXGroup;
			children = (
				C0473069266E319E00BC496A /* AppDelegate.swift */,
				C047306B266E319E00BC496A /* SceneDelegate.swift */,
				C047306D266E319E00BC496A /* ViewController.swift */,
				C047308B2670EE3600BC496A /* NewViewController.swift */,
				C047308D2671352300BC496A /* OrderCollectionViewCell.swift */,
				C0473087267001C800BC496A /* timelineCollectionViewCell.swift */,
				C0473081266E50B200BC496A /* OrderDetails.swift */,
				C0473083266E50E200BC496A /* LocationView.swift */,
				C0473085266E510900BC496A /* TimelineView.swift */,
				C047306F266E319E00BC496A /* Main.storyboard */,
				C047307D266E3B3C00BC496A /* customTabBar.swift */,
				C047307F266E3BD100BC496A /* CustomTabBarViewController.swift */,
				C04730892670DFE000BC496A /* CustomNavViewController.swift */,
				C0473072266E31A100BC496A /* Assets.xcassets */,
				C0473074266E31A100BC496A /* LaunchScreen.storyboard */,
				C0473077266E31A100BC496A /* Info.plist */,
			);
			path = Ferofly;
			sourceTree = "<group>";
		};
/* End PBXGroup section */

/* Begin PBXNativeTarget section */
		C0473065266E319E00BC496A /* Ferofly */ = {
			isa = PBXNativeTarget;
			buildConfigurationList = C047307A266E31A100BC496A /* Build configuration list for PBXNativeTarget "Ferofly" */;
			buildPhases = (
				C0473062266E319E00BC496A /* Sources */,
				C0473063266E319E00BC496A /* Frameworks */,
				C0473064266E319E00BC496A /* Resources */,
			);
			buildRules = (
			);
			dependencies = (
			);
			name = Ferofly;
			productName = Ferofly;
			productReference = C0473066266E319E00BC496A /* Ferofly.app */;
			productType = "com.apple.product-type.application";
		};
/* End PBXNativeTarget section */

/* Begin PBXProject section */
		C047305E266E319E00BC496A /* Project object */ = {
			isa = PBXProject;
			attributes = {
				LastSwiftUpdateCheck = 1130;
				LastUpgradeCheck = 1130;
				ORGANIZATIONNAME = "ehsan sat";
				TargetAttributes = {
					C0473065266E319E00BC496A = {
						CreatedOnToolsVersion = 11.3;
					};
				};
			};
			buildConfigurationList = C0473061266E319E00BC496A /* Build configuration list for PBXProject "Ferofly" */;
			compatibilityVersion = "Xcode 9.3";
			developmentRegion = en;
			hasScannedForEncodings = 0;
			knownRegions = (
				en,
				Base,
			);
			mainGroup = C047305D266E319E00BC496A;
			productRefGroup = C0473067266E319E00BC496A /* Products */;
			projectDirPath = "";
			projectRoot = "";
			targets = (
				C0473065266E319E00BC496A /* Ferofly */,
			);
		};
/* End PBXProject section */

/* Begin PBXResourcesBuildPhase section */
		C0473064266E319E00BC496A /* Resources */ = {
			isa = PBXResourcesBuildPhase;
			buildActionMask = 2147483647;
			files = (
				C0473076266E31A100BC496A /* LaunchScreen.storyboard in Resources */,
				C0473073266E31A100BC496A /* Assets.xcassets in Resources */,
				C0473071266E319E00BC496A /* Main.storyboard in Resources */,
			);
			runOnlyForDeploymentPostprocessing = 0;
		};
/* End PBXResourcesBuildPhase section */

/* Begin PBXSourcesBuildPhase section */
		C0473062266E319E00BC496A /* Sources */ = {
			isa = PBXSourcesBuildPhase;
			buildActionMask = 2147483647;
			files = (
				C047307E266E3B3C00BC496A /* customTabBar.swift in Sources */,
				C0473082266E50B200BC496A /* OrderDetails.swift in Sources */,
				C0473080266E3BD100BC496A /* CustomTabBarViewController.swift in Sources */,
				C047306E266E319E00BC496A /* ViewController.swift in Sources */,
				C0473084266E50E200BC496A /* LocationView.swift in Sources */,
				C047308C2670EE3700BC496A /* NewViewController.swift in Sources */,
				C047308A2670DFE000BC496A /* CustomNavViewController.swift in Sources */,
				C047308E2671352300BC496A /* OrderCollectionViewCell.swift in Sources */,
				C0473088267001C800BC496A /* timelineCollectionViewCell.swift in Sources */,
				C047306A266E319E00BC496A /* AppDelegate.swift in Sources */,
				C047306C266E319E00BC496A /* SceneDelegate.swift in Sources */,
				C0473086266E510900BC496A /* TimelineView.swift in Sources */,
			);
			runOnlyForDeploymentPostprocessing = 0;
		};
/* End PBXSourcesBuildPhase section */

/* Begin PBXVariantGroup section */
		C047306F266E319E00BC496A /* Main.storyboard */ = {
			isa = PBXVariantGroup;
			children = (
				C0473070266E319E00BC496A /* Base */,
			);
			name = Main.storyboard;
			sourceTree = "<group>";
		};
		C0473074266E31A100BC496A /* LaunchScreen.storyboard */ = {
			isa = PBXVariantGroup;
			children = (
				C0473075266E31A100BC496A /* Base */,
			);
			name = LaunchScreen.storyboard;
			sourceTree = "<group>";
		};
/* End PBXVariantGroup section */

/* Begin XCBuildConfiguration section */
		C0473078266E31A100BC496A /* Debug */ = {
			isa = XCBuildConfiguration;
			buildSettings = {
				ALWAYS_SEARCH_USER_PATHS = NO;
				CLANG_ANALYZER_NONNULL = YES;
				CLANG_ANALYZER_NUMBER_OBJECT_CONVERSION = YES_AGGRESSIVE;
				CLANG_CXX_LANGUAGE_STANDARD = "gnu++14";
				CLANG_CXX_LIBRARY = "libc++";
				CLANG_ENABLE_MODULES = YES;
				CLANG_ENABLE_OBJC_ARC = YES;
				CLANG_ENABLE_OBJC_WEAK = YES;
				CLANG_WARN_BLOCK_CAPTURE_AUTORELEASING = YES;
				CLANG_WARN_BOOL_CONVERSION = YES;
				CLANG_WARN_COMMA = YES;
				CLANG_WARN_CONSTANT_CONVERSION = YES;
				CLANG_WARN_DEPRECATED_OBJC_IMPLEMENTATIONS = YES;
				CLANG_WARN_DIRECT_OBJC_ISA_USAGE = YES_ERROR;
				CLANG_WARN_DOCUMENTATION_COMMENTS = YES;
				CLANG_WARN_EMPTY_BODY = YES;
				CLANG_WARN_ENUM_CONVERSION = YES;
				CLANG_WARN_INFINITE_RECURSION = YES;
				CLANG_WARN_INT_CONVERSION = YES;
				CLANG_WARN_NON_LITERAL_NULL_CONVERSION = YES;
				CLANG_WARN_OBJC_IMPLICIT_RETAIN_SELF = YES;
				CLANG_WARN_OBJC_LITERAL_CONVERSION = YES;
				CLANG_WARN_OBJC_ROOT_CLASS = YES_ERROR;
				CLANG_WARN_RANGE_LOOP_ANALYSIS = YES;
				CLANG_WARN_STRICT_PROTOTYPES = YES;
				CLANG_WARN_SUSPICIOUS_MOVE = YES;
				CLANG_WARN_UNGUARDED_AVAILABILITY = YES_AGGRESSIVE;
				CLANG_WARN_UNREACHABLE_CODE = YES;
				CLANG_WARN__DUPLICATE_METHOD_MATCH = YES;
				COPY_PHASE_STRIP = NO;
				DEBUG_INFORMATION_FORMAT = dwarf;
				ENABLE_STRICT_OBJC_MSGSEND = YES;
				ENABLE_TESTABILITY = YES;
				GCC_C_LANGUAGE_STANDARD = gnu11;
				GCC_DYNAMIC_NO_PIC = NO;
				GCC_NO_COMMON_BLOCKS = YES;
				GCC_OPTIMIZATION_LEVEL = 0;
				GCC_PREPROCESSOR_DEFINITIONS = (
					"DEBUG=1",
					"$(inherited)",
				);
				GCC_WARN_64_TO_32_BIT_CONVERSION = YES;
				GCC_WARN_ABOUT_RETURN_TYPE = YES_ERROR;
				GCC_WARN_UNDECLARED_SELECTOR = YES;
				GCC_WARN_UNINITIALIZED_AUTOS = YES_AGGRESSIVE;
				GCC_WARN_UNUSED_FUNCTION = YES;
				GCC_WARN_UNUSED_VARIABLE = YES;
				IPHONEOS_DEPLOYMENT_TARGET = 13.2;
				MTL_ENABLE_DEBUG_INFO = INCLUDE_SOURCE;
				MTL_FAST_MATH = YES;
				ONLY_ACTIVE_ARCH = YES;
				SDKROOT = iphoneos;
				SWIFT_ACTIVE_COMPILATION_CONDITIONS = DEBUG;
				SWIFT_OPTIMIZATION_LEVEL = "-Onone";
			};
			name = Debug;
		};
		C0473079266E31A100BC496A /* Release */ = {
			isa = XCBuildConfiguration;
			buildSettings = {
				ALWAYS_SEARCH_USER_PATHS = NO;
				CLANG_ANALYZER_NONNULL = YES;
				CLANG_ANALYZER_NUMBER_OBJECT_CONVERSION = YES_AGGRESSIVE;
				CLANG_CXX_LANGUAGE_STANDARD = "gnu++14";
				CLANG_CXX_LIBRARY = "libc++";
				CLANG_ENABLE_MODULES = YES;
				CLANG_ENABLE_OBJC_ARC = YES;
				CLANG_ENABLE_OBJC_WEAK = YES;
				CLANG_WARN_BLOCK_CAPTURE_AUTORELEASING = YES;
				CLANG_WARN_BOOL_CONVERSION = YES;
				CLANG_WARN_COMMA = YES;
				CLANG_WARN_CONSTANT_CONVERSION = YES;
				CLANG_WARN_DEPRECATED_OBJC_IMPLEMENTATIONS = YES;
				CLANG_WARN_DIRECT_OBJC_ISA_USAGE = YES_ERROR;
				CLANG_WARN_DOCUMENTATION_COMMENTS = YES;
				CLANG_WARN_EMPTY_BODY = YES;
				CLANG_WARN_ENUM_CONVERSION = YES;
				CLANG_WARN_INFINITE_RECURSION = YES;
				CLANG_WARN_INT_CONVERSION = YES;
				CLANG_WARN_NON_LITERAL_NULL_CONVERSION = YES;
				CLANG_WARN_OBJC_IMPLICIT_RETAIN_SELF = YES;
				CLANG_WARN_OBJC_LITERAL_CONVERSION = YES;
				CLANG_WARN_OBJC_ROOT_CLASS = YES_ERROR;
				CLANG_WARN_RANGE_LOOP_ANALYSIS = YES;
				CLANG_WARN_STRICT_PROTOTYPES = YES;
				CLANG_WARN_SUSPICIOUS_MOVE = YES;
				CLANG_WARN_UNGUARDED_AVAILABILITY = YES_AGGRESSIVE;
				CLANG_WARN_UNREACHABLE_CODE = YES;
				CLANG_WARN__DUPLICATE_METHOD_MATCH = YES;
				COPY_PHASE_STRIP = NO;
				DEBUG_INFORMATION_FORMAT = "dwarf-with-dsym";
				ENABLE_NS_ASSERTIONS = NO;
				ENABLE_STRICT_OBJC_MSGSEND = YES;
				GCC_C_LANGUAGE_STANDARD = gnu11;
				GCC_NO_COMMON_BLOCKS = YES;
				GCC_WARN_64_TO_32_BIT_CONVERSION = YES;
				GCC_WARN_ABOUT_RETURN_TYPE = YES_ERROR;
				GCC_WARN_UNDECLARED_SELECTOR = YES;
				GCC_WARN_UNINITIALIZED_AUTOS = YES_AGGRESSIVE;
				GCC_WARN_UNUSED_FUNCTION = YES;
				GCC_WARN_UNUSED_VARIABLE = YES;
				IPHONEOS_DEPLOYMENT_TARGET = 13.2;
				MTL_ENABLE_DEBUG_INFO = NO;
				MTL_FAST_MATH = YES;
				SDKROOT = iphoneos;
				SWIFT_COMPILATION_MODE = wholemodule;
				SWIFT_OPTIMIZATION_LEVEL = "-O";
				VALIDATE_PRODUCT = YES;
			};
			name = Release;
		};
		C047307B266E31A100BC496A /* Debug */ = {
			isa = XCBuildConfiguration;
			buildSettings = {
				ASSETCATALOG_COMPILER_APPICON_NAME = AppIcon;
				CODE_SIGN_STYLE = Automatic;
				DEVELOPMENT_TEAM = 6JL95RH9A2;
				INFOPLIST_FILE = Ferofly/Info.plist;
				LD_RUNPATH_SEARCH_PATHS = (
					"$(inherited)",
					"@executable_path/Frameworks",
				);
				PRODUCT_BUNDLE_IDENTIFIER = Apple.Ferofly;
				PRODUCT_NAME = "$(TARGET_NAME)";
				SWIFT_VERSION = 5.0;
				TARGETED_DEVICE_FAMILY = "1,2";
			};
			name = Debug;
		};
		C047307C266E31A100BC496A /* Release */ = {
			isa = XCBuildConfiguration;
			buildSettings = {
				ASSETCATALOG_COMPILER_APPICON_NAME = AppIcon;
				CODE_SIGN_STYLE = Automatic;
				DEVELOPMENT_TEAM = 6JL95RH9A2;
				INFOPLIST_FILE = Ferofly/Info.plist;
				LD_RUNPATH_SEARCH_PATHS = (
					"$(inherited)",
					"@executable_path/Frameworks",
				);
				PRODUCT_BUNDLE_IDENTIFIER = Apple.Ferofly;
				PRODUCT_NAME = "$(TARGET_NAME)";
				SWIFT_VERSION = 5.0;
				TARGETED_DEVICE_FAMILY = "1,2";
			};
			name = Release;
		};
/* End XCBuildConfiguration section */

/* Begin XCConfigurationList section */
		C0473061266E319E00BC496A /* Build configuration list for PBXProject "Ferofly" */ = {
			isa = XCConfigurationList;
			buildConfigurations = (
				C0473078266E31A100BC496A /* Debug */,
				C0473079266E31A100BC496A /* Release */,
			);
			defaultConfigurationIsVisible = 0;
			defaultConfigurationName = Release;
		};
		C047307A266E31A100BC496A /* Build configuration list for PBXNativeTarget "Ferofly" */ = {
			isa = XCConfigurationList;
			buildConfigurations = (
				C047307B266E31A100BC496A /* Debug */,
				C047307C266E31A100BC496A /* Release */,
			);
			defaultConfigurationIsVisible = 0;
			defaultConfigurationName = Release;
		};
/* End XCConfigurationList section */
	};
	rootObject = C047305E266E319E00BC496A /* Project object */;
}
